// !$*UTF8*$!
{
	archiveVersion = 1;
	classes = {
	};
	objectVersion = 50;
	objects = {

/* Begin PBXBuildFile section */
		1E4ED940210D683D00FE7C36 /* AppDelegate.m in Sources */ = {isa = PBXBuildFile; fileRef = 1E4ED93F210D683D00FE7C36 /* AppDelegate.m */; };
		1E4ED943210D683D00FE7C36 /* ViewController.m in Sources */ = {isa = PBXBuildFile; fileRef = 1E4ED942210D683D00FE7C36 /* ViewController.m */; };
		1E4ED946210D683D00FE7C36 /* Main.storyboard in Resources */ = {isa = PBXBuildFile; fileRef = 1E4ED944210D683D00FE7C36 /* Main.storyboard */; };
		1E4ED948210D683D00FE7C36 /* Assets.xcassets in Resources */ = {isa = PBXBuildFile; fileRef = 1E4ED947210D683D00FE7C36 /* Assets.xcassets */; };
		1E4ED94B210D683D00FE7C36 /* LaunchScreen.storyboard in Resources */ = {isa = PBXBuildFile; fileRef = 1E4ED949210D683D00FE7C36 /* LaunchScreen.storyboard */; };
		1E4ED94E210D683D00FE7C36 /* main.m in Sources */ = {isa = PBXBuildFile; fileRef = 1E4ED94D210D683D00FE7C36 /* main.m */; };
		1E4ED956210D689100FE7C36 /* JHAudioRecorder.m in Sources */ = {isa = PBXBuildFile; fileRef = 1E4ED955210D689100FE7C36 /* JHAudioRecorder.m */; };
		1E4ED958210D6E7500FE7C36 /* Blue-One Love.mp3 in Resources */ = {isa = PBXBuildFile; fileRef = 1E4ED957210D6E7500FE7C36 /* Blue-One Love.mp3 */; };
		1E4ED95E210DA9A100FE7C36 /* ShowView.m in Sources */ = {isa = PBXBuildFile; fileRef = 1E4ED95D210DA9A100FE7C36 /* ShowView.m */; };
		1E4ED960210DB97900FE7C36 /* 张学友-你好毒.mp3 in Resources */ = {isa = PBXBuildFile; fileRef = 1E4ED95F210DB97900FE7C36 /* 张学友-你好毒.mp3 */; };
/* End PBXBuildFile section */

/* Begin PBXFileReference section */
		1E4ED93B210D683D00FE7C36 /* AudioRecorder.app */ = {isa = PBXFileReference; explicitFileType = wrapper.application; includeInIndex = 0; path = AudioRecorder.app; sourceTree = BUILT_PRODUCTS_DIR; };
		1E4ED93E210D683D00FE7C36 /* AppDelegate.h */ = {isa = PBXFileReference; lastKnownFileType = sourcecode.c.h; path = AppDelegate.h; sourceTree = "<group>"; };
		1E4ED93F210D683D00FE7C36 /* AppDelegate.m */ = {isa = PBXFileReference; lastKnownFileType = sourcecode.c.objc; path = AppDelegate.m; sourceTree = "<group>"; };
		1E4ED941210D683D00FE7C36 /* ViewController.h */ = {isa = PBXFileReference; lastKnownFileType = sourcecode.c.h; path = ViewController.h; sourceTree = "<group>"; };
		1E4ED942210D683D00FE7C36 /* ViewController.m */ = {isa = PBXFileReference; lastKnownFileType = sourcecode.c.objc; path = ViewController.m; sourceTree = "<group>"; };
		1E4ED945210D683D00FE7C36 /* Base */ = {isa = PBXFileReference; lastKnownFileType = file.storyboard; name = Base; path = Base.lproj/Main.storyboard; sourceTree = "<group>"; };
		1E4ED947210D683D00FE7C36 /* Assets.xcassets */ = {isa = PBXFileReference; lastKnownFileType = folder.assetcatalog; path = Assets.xcassets; sourceTree = "<group>"; };
		1E4ED94A210D683D00FE7C36 /* Base */ = {isa = PBXFileReference; lastKnownFileType = file.storyboard; name = Base; path = Base.lproj/LaunchScreen.storyboard; sourceTree = "<group>"; };
		1E4ED94C210D683D00FE7C36 /* Info.plist */ = {isa = PBXFileReference; lastKnownFileType = text.plist.xml; path = Info.plist; sourceTree = "<group>"; };
		1E4ED94D210D683D00FE7C36 /* main.m */ = {isa = PBXFileReference; lastKnownFileType = sourcecode.c.objc; path = main.m; sourceTree = "<group>"; };
		1E4ED954210D689100FE7C36 /* JHAudioRecorder.h */ = {isa = PBXFileReference; lastKnownFileType = sourcecode.c.h; path = JHAudioRecorder.h; sourceTree = "<group>"; };
		1E4ED955210D689100FE7C36 /* JHAudioRecorder.m */ = {isa = PBXFileReference; lastKnownFileType = sourcecode.c.objc; path = JHAudioRecorder.m; sourceTree = "<group>"; };
		1E4ED957210D6E7500FE7C36 /* Blue-One Love.mp3 */ = {isa = PBXFileReference; lastKnownFileType = audio.mp3; path = "Blue-One Love.mp3"; sourceTree = "<group>"; };
		1E4ED95C210DA9A100FE7C36 /* ShowView.h */ = {isa = PBXFileReference; fileEncoding = 4; lastKnownFileType = sourcecode.c.h; path = ShowView.h; sourceTree = "<group>"; };
		1E4ED95D210DA9A100FE7C36 /* ShowView.m */ = {isa = PBXFileReference; fileEncoding = 4; lastKnownFileType = sourcecode.c.objc; path = ShowView.m; sourceTree = "<group>"; };
		1E4ED95F210DB97900FE7C36 /* 张学友-你好毒.mp3 */ = {isa = PBXFileReference; lastKnownFileType = audio.mp3; path = "张学友-你好毒.mp3"; sourceTree = "<group>"; };
/* End PBXFileReference section */

/* Begin PBXFrameworksBuildPhase section */
		1E4ED938210D683D00FE7C36 /* Frameworks */ = {
			isa = PBXFrameworksBuildPhase;
			buildActionMask = 2147483647;
			files = (
			);
			runOnlyForDeploymentPostprocessing = 0;
		};
/* End PBXFrameworksBuildPhase section */

/* Begin PBXGroup section */
		1E4ED932210D683D00FE7C36 = {
			isa = PBXGroup;
			children = (
				1E4ED93D210D683D00FE7C36 /* AudioRecorder */,
				1E4ED93C210D683D00FE7C36 /* Products */,
			);
			sourceTree = "<group>";
		};
		1E4ED93C210D683D00FE7C36 /* Products */ = {
			isa = PBXGroup;
			children = (
				1E4ED93B210D683D00FE7C36 /* AudioRecorder.app */,
			);
			name = Products;
			sourceTree = "<group>";
		};
		1E4ED93D210D683D00FE7C36 /* AudioRecorder */ = {
			isa = PBXGroup;
			children = (
				1E4ED957210D6E7500FE7C36 /* Blue-One Love.mp3 */,
				1E4ED95F210DB97900FE7C36 /* 张学友-你好毒.mp3 */,
				1E4ED93E210D683D00FE7C36 /* AppDelegate.h */,
				1E4ED93F210D683D00FE7C36 /* AppDelegate.m */,
				1E4ED941210D683D00FE7C36 /* ViewController.h */,
				1E4ED942210D683D00FE7C36 /* ViewController.m */,
				1E4ED954210D689100FE7C36 /* JHAudioRecorder.h */,
				1E4ED955210D689100FE7C36 /* JHAudioRecorder.m */,
				1E4ED95C210DA9A100FE7C36 /* ShowView.h */,
				1E4ED95D210DA9A100FE7C36 /* ShowView.m */,
				1E4ED944210D683D00FE7C36 /* Main.storyboard */,
				1E4ED947210D683D00FE7C36 /* Assets.xcassets */,
				1E4ED949210D683D00FE7C36 /* LaunchScreen.storyboard */,
				1E4ED94C210D683D00FE7C36 /* Info.plist */,
				1E4ED94D210D683D00FE7C36 /* main.m */,
			);
			path = AudioRecorder;
			sourceTree = "<group>";
		};
/* End PBXGroup section */

/* Begin PBXNativeTarget section */
		1E4ED93A210D683D00FE7C36 /* AudioRecorder */ = {
			isa = PBXNativeTarget;
			buildConfigurationList = 1E4ED951210D683D00FE7C36 /* Build configuration list for PBXNativeTarget "AudioRecorder" */;
			buildPhases = (
				1E4ED937210D683D00FE7C36 /* Sources */,
				1E4ED938210D683D00FE7C36 /* Frameworks */,
				1E4ED939210D683D00FE7C36 /* Resources */,
			);
			buildRules = (
			);
			dependencies = (
			);
			name = AudioRecorder;
			productName = AudioRecorder;
			productReference = 1E4ED93B210D683D00FE7C36 /* AudioRecorder.app */;
			productType = "com.apple.product-type.application";
		};
/* End PBXNativeTarget section */

/* Begin PBXProject section */
		1E4ED933210D683D00FE7C36 /* Project object */ = {
			isa = PBXProject;
			attributes = {
				LastUpgradeCheck = 0940;
				ORGANIZATIONNAME = gaoguangxiao;
				TargetAttributes = {
					1E4ED93A210D683D00FE7C36 = {
						CreatedOnToolsVersion = 9.4.1;
					};
				};
			};
			buildConfigurationList = 1E4ED936210D683D00FE7C36 /* Build configuration list for PBXProject "AudioRecorder" */;
			compatibilityVersion = "Xcode 9.3";
			developmentRegion = en;
			hasScannedForEncodings = 0;
			knownRegions = (
				en,
				Base,
			);
			mainGroup = 1E4ED932210D683D00FE7C36;
			productRefGroup = 1E4ED93C210D683D00FE7C36 /* Products */;
			projectDirPath = "";
			projectRoot = "";
			targets = (
				1E4ED93A210D683D00FE7C36 /* AudioRecorder */,
			);
		};
/* End PBXProject section */

/* Begin PBXResourcesBuildPhase section */
		1E4ED939210D683D00FE7C36 /* Resources */ = {
			isa = PBXResourcesBuildPhase;
			buildActionMask = 2147483647;
			files = (
				1E4ED958210D6E7500FE7C36 /* Blue-One Love.mp3 in Resources */,
				1E4ED94B210D683D00FE7C36 /* LaunchScreen.storyboard in Resources */,
				1E4ED960210DB97900FE7C36 /* 张学友-你好毒.mp3 in Resources */,
				1E4ED948210D683D00FE7C36 /* Assets.xcassets in Resources */,
				1E4ED946210D683D00FE7C36 /* Main.storyboard in Resources */,
			);
			runOnlyForDeploymentPostprocessing = 0;
		};
/* End PBXResourcesBuildPhase section */

/* Begin PBXSourcesBuildPhase section */
		1E4ED937210D683D00FE7C36 /* Sources */ = {
			isa = PBXSourcesBuildPhase;
			buildActionMask = 2147483647;
			files = (
				1E4ED943210D683D00FE7C36 /* ViewController.m in Sources */,
				1E4ED94E210D683D00FE7C36 /* main.m in Sources */,
				1E4ED956210D689100FE7C36 /* JHAudioRecorder.m in Sources */,
				1E4ED940210D683D00FE7C36 /* AppDelegate.m in Sources */,
				1E4ED95E210DA9A100FE7C36 /* ShowView.m in Sources */,
			);
			runOnlyForDeploymentPostprocessing = 0;
		};
/* End PBXSourcesBuildPhase section */

/* Begin PBXVariantGroup section */
		1E4ED944210D683D00FE7C36 /* Main.storyboard */ = {
			isa = PBXVariantGroup;
			children = (
				1E4ED945210D683D00FE7C36 /* Base */,
			);
			name = Main.storyboard;
			sourceTree = "<group>";
		};
		1E4ED949210D683D00FE7C36 /* LaunchScreen.storyboard */ = {
			isa = PBXVariantGroup;
			children = (
				1E4ED94A210D683D00FE7C36 /* Base */,
			);
			name = LaunchScreen.storyboard;
			sourceTree = "<group>";
		};
/* End PBXVariantGroup section */

/* Begin XCBuildConfiguration section */
		1E4ED94F210D683D00FE7C36 /* Debug */ = {
			isa = XCBuildConfiguration;
			buildSettings = {
				ALWAYS_SEARCH_USER_PATHS = NO;
				CLANG_ANALYZER_NONNULL = YES;
				CLANG_ANALYZER_NUMBER_OBJECT_CONVERSION = YES_AGGRESSIVE;
				CLANG_CXX_LANGUAGE_STANDARD = "gnu++14";
				CLANG_CXX_LIBRARY = "libc++";
				CLANG_ENABLE_MODULES = YES;
				CLANG_ENABLE_OBJC_ARC = YES;
				CLANG_ENABLE_OBJC_WEAK = YES;
				CLANG_WARN_BLOCK_CAPTURE_AUTORELEASING = YES;
				CLANG_WARN_BOOL_CONVERSION = YES;
				CLANG_WARN_COMMA = YES;
				CLANG_WARN_CONSTANT_CONVERSION = YES;
				CLANG_WARN_DEPRECATED_OBJC_IMPLEMENTATIONS = YES;
				CLANG_WARN_DIRECT_OBJC_ISA_USAGE = YES_ERROR;
				CLANG_WARN_DOCUMENTATION_COMMENTS = YES;
				CLANG_WARN_EMPTY_BODY = YES;
				CLANG_WARN_ENUM_CONVERSION = YES;
				CLANG_WARN_INFINITE_RECURSION = YES;
				CLANG_WARN_INT_CONVERSION = YES;
				CLANG_WARN_NON_LITERAL_NULL_CONVERSION = YES;
				CLANG_WARN_OBJC_IMPLICIT_RETAIN_SELF = YES;
				CLANG_WARN_OBJC_LITERAL_CONVERSION = YES;
				CLANG_WARN_OBJC_ROOT_CLASS = YES_ERROR;
				CLANG_WARN_RANGE_LOOP_ANALYSIS = YES;
				CLANG_WARN_STRICT_PROTOTYPES = YES;
				CLANG_WARN_SUSPICIOUS_MOVE = YES;
				CLANG_WARN_UNGUARDED_AVAILABILITY = YES_AGGRESSIVE;
				CLANG_WARN_UNREACHABLE_CODE = YES;
				CLANG_WARN__DUPLICATE_METHOD_MATCH = YES;
				CODE_SIGN_IDENTITY = "iPhone Developer";
				COPY_PHASE_STRIP = NO;
				DEBUG_INFORMATION_FORMAT = dwarf;
				ENABLE_STRICT_OBJC_MSGSEND = YES;
				ENABLE_TESTABILITY = YES;
				GCC_C_LANGUAGE_STANDARD = gnu11;
				GCC_DYNAMIC_NO_PIC = NO;
				GCC_NO_COMMON_BLOCKS = YES;
				GCC_OPTIMIZATION_LEVEL = 0;
				GCC_PREPROCESSOR_DEFINITIONS = (
					"DEBUG=1",
					"$(inherited)",
				);
				GCC_WARN_64_TO_32_BIT_CONVERSION = YES;
				GCC_WARN_ABOUT_RETURN_TYPE = YES_ERROR;
				GCC_WARN_UNDECLARED_SELECTOR = YES;
				GCC_WARN_UNINITIALIZED_AUTOS = YES_AGGRESSIVE;
				GCC_WARN_UNUSED_FUNCTION = YES;
				GCC_WARN_UNUSED_VARIABLE = YES;
				IPHONEOS_DEPLOYMENT_TARGET = 11.4;
				MTL_ENABLE_DEBUG_INFO = YES;
				ONLY_ACTIVE_ARCH = YES;
				SDKROOT = iphoneos;
			};
			name = Debug;
		};
		1E4ED950210D683D00FE7C36 /* Release */ = {
			isa = XCBuildConfiguration;
			buildSettings = {
				ALWAYS_SEARCH_USER_PATHS = NO;
				CLANG_ANALYZER_NONNULL = YES;
				CLANG_ANALYZER_NUMBER_OBJECT_CONVERSION = YES_AGGRESSIVE;
				CLANG_CXX_LANGUAGE_STANDARD = "gnu++14";
				CLANG_CXX_LIBRARY = "libc++";
				CLANG_ENABLE_MODULES = YES;
				CLANG_ENABLE_OBJC_ARC = YES;
				CLANG_ENABLE_OBJC_WEAK = YES;
				CLANG_WARN_BLOCK_CAPTURE_AUTORELEASING = YES;
				CLANG_WARN_BOOL_CONVERSION = YES;
				CLANG_WARN_COMMA = YES;
				CLANG_WARN_CONSTANT_CONVERSION = YES;
				CLANG_WARN_DEPRECATED_OBJC_IMPLEMENTATIONS = YES;
				CLANG_WARN_DIRECT_OBJC_ISA_USAGE = YES_ERROR;
				CLANG_WARN_DOCUMENTATION_COMMENTS = YES;
				CLANG_WARN_EMPTY_BODY = YES;
				CLANG_WARN_ENUM_CONVERSION = YES;
				CLANG_WARN_INFINITE_RECURSION = YES;
				CLANG_WARN_INT_CONVERSION = YES;
				CLANG_WARN_NON_LITERAL_NULL_CONVERSION = YES;
				CLANG_WARN_OBJC_IMPLICIT_RETAIN_SELF = YES;
				CLANG_WARN_OBJC_LITERAL_CONVERSION = YES;
				CLANG_WARN_OBJC_ROOT_CLASS = YES_ERROR;
				CLANG_WARN_RANGE_LOOP_ANALYSIS = YES;
				CLANG_WARN_STRICT_PROTOTYPES = YES;
				CLANG_WARN_SUSPICIOUS_MOVE = YES;
				CLANG_WARN_UNGUARDED_AVAILABILITY = YES_AGGRESSIVE;
				CLANG_WARN_UNREACHABLE_CODE = YES;
				CLANG_WARN__DUPLICATE_METHOD_MATCH = YES;
				CODE_SIGN_IDENTITY = "iPhone Developer";
				COPY_PHASE_STRIP = NO;
				DEBUG_INFORMATION_FORMAT = "dwarf-with-dsym";
				ENABLE_NS_ASSERTIONS = NO;
				ENABLE_STRICT_OBJC_MSGSEND = YES;
				GCC_C_LANGUAGE_STANDARD = gnu11;
				GCC_NO_COMMON_BLOCKS = YES;
				GCC_WARN_64_TO_32_BIT_CONVERSION = YES;
				GCC_WARN_ABOUT_RETURN_TYPE = YES_ERROR;
				GCC_WARN_UNDECLARED_SELECTOR = YES;
				GCC_WARN_UNINITIALIZED_AUTOS = YES_AGGRESSIVE;
				GCC_WARN_UNUSED_FUNCTION = YES;
				GCC_WARN_UNUSED_VARIABLE = YES;
				IPHONEOS_DEPLOYMENT_TARGET = 11.4;
				MTL_ENABLE_DEBUG_INFO = NO;
				SDKROOT = iphoneos;
				VALIDATE_PRODUCT = YES;
			};
			name = Release;
		};
		1E4ED952210D683D00FE7C36 /* Debug */ = {
			isa = XCBuildConfiguration;
			buildSettings = {
				ASSETCATALOG_COMPILER_APPICON_NAME = AppIcon;
				CODE_SIGN_STYLE = Automatic;
				DEVELOPMENT_TEAM = 75AT72EX89;
				INFOPLIST_FILE = AudioRecorder/Info.plist;
				LD_RUNPATH_SEARCH_PATHS = (
					"$(inherited)",
					"@executable_path/Frameworks",
				);
				PRODUCT_BUNDLE_IDENTIFIER = com.NSDateDemo.app.AudioRecorder;
				PRODUCT_NAME = "$(TARGET_NAME)";
				TARGETED_DEVICE_FAMILY = "1,2";
			};
			name = Debug;
		};
		1E4ED953210D683D00FE7C36 /* Release */ = {
			isa = XCBuildConfiguration;
			buildSettings = {
				ASSETCATALOG_COMPILER_APPICON_NAME = AppIcon;
				CODE_SIGN_STYLE = Automatic;
				DEVELOPMENT_TEAM = 75AT72EX89;
				INFOPLIST_FILE = AudioRecorder/Info.plist;
				LD_RUNPATH_SEARCH_PATHS = (
					"$(inherited)",
					"@executable_path/Frameworks",
				);
				PRODUCT_BUNDLE_IDENTIFIER = com.NSDateDemo.app.AudioRecorder;
				PRODUCT_NAME = "$(TARGET_NAME)";
				TARGETED_DEVICE_FAMILY = "1,2";
			};
			name = Release;
		};
/* End XCBuildConfiguration section */

/* Begin XCConfigurationList section */
		1E4ED936210D683D00FE7C36 /* Build configuration list for PBXProject "AudioRecorder" */ = {
			isa = XCConfigurationList;
			buildConfigurations = (
				1E4ED94F210D683D00FE7C36 /* Debug */,
				1E4ED950210D683D00FE7C36 /* Release */,
			);
			defaultConfigurationIsVisible = 0;
			defaultConfigurationName = Release;
		};
		1E4ED951210D683D00FE7C36 /* Build configuration list for PBXNativeTarget "AudioRecorder" */ = {
			isa = XCConfigurationList;
			buildConfigurations = (
				1E4ED952210D683D00FE7C36 /* Debug */,
				1E4ED953210D683D00FE7C36 /* Release */,
			);
			defaultConfigurationIsVisible = 0;
			defaultConfigurationName = Release;
		};
/* End XCConfigurationList section */
	};
	rootObject = 1E4ED933210D683D00FE7C36 /* Project object */;
}
